// !$*UTF8*$!
{
	archiveVersion = 1;
	classes = {
	};
	objectVersion = 55;
	objects = {

/* Begin PBXBuildFile section */
		A49FBFFA2797B0EA0034E7FE /* DemoTableCommentListVC.m in Sources */ = {isa = PBXBuildFile; fileRef = A49FBFF92797B0EA0034E7FE /* DemoTableCommentListVC.m */; };
		A49FBFFE2797B1CA0034E7FE /* WBVideoTableCommentRender.m in Sources */ = {isa = PBXBuildFile; fileRef = A49FBFFD2797B1CA0034E7FE /* WBVideoTableCommentRender.m */; };
		A49FC0012797B46A0034E7FE /* WBVideoTableCommentEngine.m in Sources */ = {isa = PBXBuildFile; fileRef = A49FC0002797B46A0034E7FE /* WBVideoTableCommentEngine.m */; };
		A49FC0042797B48D0034E7FE /* WBVideoTableCommentCell.m in Sources */ = {isa = PBXBuildFile; fileRef = A49FC0032797B48D0034E7FE /* WBVideoTableCommentCell.m */; };
		A49FC0072797B4A40034E7FE /* WBVideoTableCommentOjbect.m in Sources */ = {isa = PBXBuildFile; fileRef = A49FC0062797B4A40034E7FE /* WBVideoTableCommentOjbect.m */; };
		A49FC00B2797F3A00034E7FE /* WBVideoTestCommentCell.m in Sources */ = {isa = PBXBuildFile; fileRef = A49FC00A2797F3A00034E7FE /* WBVideoTestCommentCell.m */; };
		A4E0123927968B3C006DE021 /* AppDelegate.m in Sources */ = {isa = PBXBuildFile; fileRef = A4E0123827968B3C006DE021 /* AppDelegate.m */; };
		A4E0123C27968B3C006DE021 /* SceneDelegate.m in Sources */ = {isa = PBXBuildFile; fileRef = A4E0123B27968B3C006DE021 /* SceneDelegate.m */; };
		A4E0123F27968B3C006DE021 /* ViewController.m in Sources */ = {isa = PBXBuildFile; fileRef = A4E0123E27968B3C006DE021 /* ViewController.m */; };
		A4E0124227968B3C006DE021 /* Main.storyboard in Resources */ = {isa = PBXBuildFile; fileRef = A4E0124027968B3C006DE021 /* Main.storyboard */; };
		A4E0124427968B3D006DE021 /* Assets.xcassets in Resources */ = {isa = PBXBuildFile; fileRef = A4E0124327968B3D006DE021 /* Assets.xcassets */; };
		A4E0124727968B3D006DE021 /* LaunchScreen.storyboard in Resources */ = {isa = PBXBuildFile; fileRef = A4E0124527968B3D006DE021 /* LaunchScreen.storyboard */; };
		A4E0124A27968B3D006DE021 /* main.m in Sources */ = {isa = PBXBuildFile; fileRef = A4E0124927968B3D006DE021 /* main.m */; };
		A4E0125427968B3D006DE021 /* WBVideoCommentDemoTests.m in Sources */ = {isa = PBXBuildFile; fileRef = A4E0125327968B3D006DE021 /* WBVideoCommentDemoTests.m */; };
		A4E0125E27968B3D006DE021 /* WBVideoCommentDemoUITests.m in Sources */ = {isa = PBXBuildFile; fileRef = A4E0125D27968B3D006DE021 /* WBVideoCommentDemoUITests.m */; };
		A4E0126027968B3D006DE021 /* WBVideoCommentDemoUITestsLaunchTests.m in Sources */ = {isa = PBXBuildFile; fileRef = A4E0125F27968B3D006DE021 /* WBVideoCommentDemoUITestsLaunchTests.m */; };
		A4E0126F27968BC6006DE021 /* WBVideoCommentRender.m in Sources */ = {isa = PBXBuildFile; fileRef = A4E0126E27968BC6006DE021 /* WBVideoCommentRender.m */; };
		A4E0127227968C34006DE021 /* WBVideoBaseCommentView.m in Sources */ = {isa = PBXBuildFile; fileRef = A4E0127127968C34006DE021 /* WBVideoBaseCommentView.m */; };
		A4E0127527968D79006DE021 /* WBVideoCommentEngine.m in Sources */ = {isa = PBXBuildFile; fileRef = A4E0127427968D79006DE021 /* WBVideoCommentEngine.m */; };
		A4E0127827968D8B006DE021 /* WBVideoBaseCommentObject.m in Sources */ = {isa = PBXBuildFile; fileRef = A4E0127727968D8B006DE021 /* WBVideoBaseCommentObject.m */; };
		A4E0127F27969495006DE021 /* WBSVWeakProxy.m in Sources */ = {isa = PBXBuildFile; fileRef = A4E0127E27969495006DE021 /* WBSVWeakProxy.m */; };
		A4E012832796A984006DE021 /* WBVideoTestCommentView.m in Sources */ = {isa = PBXBuildFile; fileRef = A4E012822796A984006DE021 /* WBVideoTestCommentView.m */; };
		A4E012862796CDF0006DE021 /* DemoCustomCommentListVC.m in Sources */ = {isa = PBXBuildFile; fileRef = A4E012852796CDF0006DE021 /* DemoCustomCommentListVC.m */; };
		A4EC556927990963003EF5A7 /* WBVideoTestData.m in Sources */ = {isa = PBXBuildFile; fileRef = A4EC556827990963003EF5A7 /* WBVideoTestData.m */; };
/* End PBXBuildFile section */

/* Begin PBXContainerItemProxy section */
		A4E0125027968B3D006DE021 /* PBXContainerItemProxy */ = {
			isa = PBXContainerItemProxy;
			containerPortal = A4E0122C27968B3C006DE021 /* Project object */;
			proxyType = 1;
			remoteGlobalIDString = A4E0123327968B3C006DE021;
			remoteInfo = WBVideoCommentDemo;
		};
		A4E0125A27968B3D006DE021 /* PBXContainerItemProxy */ = {
			isa = PBXContainerItemProxy;
			containerPortal = A4E0122C27968B3C006DE021 /* Project object */;
			proxyType = 1;
			remoteGlobalIDString = A4E0123327968B3C006DE021;
			remoteInfo = WBVideoCommentDemo;
		};
/* End PBXContainerItemProxy section */

/* Begin PBXFileReference section */
		A416FFD827A12572003CDD19 /* WBVideoBaseCommentObject+Private.h */ = {isa = PBXFileReference; lastKnownFileType = sourcecode.c.h; path = "WBVideoBaseCommentObject+Private.h"; sourceTree = "<group>"; };
		A416FFDC27A1432D003CDD19 /* WBVideoCommentRenderProtocol.h */ = {isa = PBXFileReference; lastKnownFileType = sourcecode.c.h; path = WBVideoCommentRenderProtocol.h; sourceTree = "<group>"; };
		A49FBFF72797AEAB0034E7FE /* VideoCommentListHeader.h */ = {isa = PBXFileReference; lastKnownFileType = sourcecode.c.h; path = VideoCommentListHeader.h; sourceTree = "<group>"; };
		A49FBFF82797B0EA0034E7FE /* DemoTableCommentListVC.h */ = {isa = PBXFileReference; lastKnownFileType = sourcecode.c.h; path = DemoTableCommentListVC.h; sourceTree = "<group>"; };
		A49FBFF92797B0EA0034E7FE /* DemoTableCommentListVC.m */ = {isa = PBXFileReference; lastKnownFileType = sourcecode.c.objc; path = DemoTableCommentListVC.m; sourceTree = "<group>"; };
		A49FBFFC2797B1CA0034E7FE /* WBVideoTableCommentRender.h */ = {isa = PBXFileReference; lastKnownFileType = sourcecode.c.h; path = WBVideoTableCommentRender.h; sourceTree = "<group>"; };
		A49FBFFD2797B1CA0034E7FE /* WBVideoTableCommentRender.m */ = {isa = PBXFileReference; lastKnownFileType = sourcecode.c.objc; path = WBVideoTableCommentRender.m; sourceTree = "<group>"; };
		A49FBFFF2797B46A0034E7FE /* WBVideoTableCommentEngine.h */ = {isa = PBXFileReference; lastKnownFileType = sourcecode.c.h; path = WBVideoTableCommentEngine.h; sourceTree = "<group>"; };
		A49FC0002797B46A0034E7FE /* WBVideoTableCommentEngine.m */ = {isa = PBXFileReference; lastKnownFileType = sourcecode.c.objc; path = WBVideoTableCommentEngine.m; sourceTree = "<group>"; };
		A49FC0022797B48D0034E7FE /* WBVideoTableCommentCell.h */ = {isa = PBXFileReference; lastKnownFileType = sourcecode.c.h; path = WBVideoTableCommentCell.h; sourceTree = "<group>"; };
		A49FC0032797B48D0034E7FE /* WBVideoTableCommentCell.m */ = {isa = PBXFileReference; lastKnownFileType = sourcecode.c.objc; path = WBVideoTableCommentCell.m; sourceTree = "<group>"; };
		A49FC0052797B4A40034E7FE /* WBVideoTableCommentOjbect.h */ = {isa = PBXFileReference; lastKnownFileType = sourcecode.c.h; path = WBVideoTableCommentOjbect.h; sourceTree = "<group>"; };
		A49FC0062797B4A40034E7FE /* WBVideoTableCommentOjbect.m */ = {isa = PBXFileReference; lastKnownFileType = sourcecode.c.objc; path = WBVideoTableCommentOjbect.m; sourceTree = "<group>"; };
		A49FC0092797F3A00034E7FE /* WBVideoTestCommentCell.h */ = {isa = PBXFileReference; lastKnownFileType = sourcecode.c.h; path = WBVideoTestCommentCell.h; sourceTree = "<group>"; };
		A49FC00A2797F3A00034E7FE /* WBVideoTestCommentCell.m */ = {isa = PBXFileReference; lastKnownFileType = sourcecode.c.objc; path = WBVideoTestCommentCell.m; sourceTree = "<group>"; };
		A4E0123427968B3C006DE021 /* WBVideoCommentDemo.app */ = {isa = PBXFileReference; explicitFileType = wrapper.application; includeInIndex = 0; path = WBVideoCommentDemo.app; sourceTree = BUILT_PRODUCTS_DIR; };
		A4E0123727968B3C006DE021 /* AppDelegate.h */ = {isa = PBXFileReference; lastKnownFileType = sourcecode.c.h; path = AppDelegate.h; sourceTree = "<group>"; };
		A4E0123827968B3C006DE021 /* AppDelegate.m */ = {isa = PBXFileReference; lastKnownFileType = sourcecode.c.objc; path = AppDelegate.m; sourceTree = "<group>"; };
		A4E0123A27968B3C006DE021 /* SceneDelegate.h */ = {isa = PBXFileReference; lastKnownFileType = sourcecode.c.h; path = SceneDelegate.h; sourceTree = "<group>"; };
		A4E0123B27968B3C006DE021 /* SceneDelegate.m */ = {isa = PBXFileReference; lastKnownFileType = sourcecode.c.objc; path = SceneDelegate.m; sourceTree = "<group>"; };
		A4E0123D27968B3C006DE021 /* ViewController.h */ = {isa = PBXFileReference; lastKnownFileType = sourcecode.c.h; path = ViewController.h; sourceTree = "<group>"; };
		A4E0123E27968B3C006DE021 /* ViewController.m */ = {isa = PBXFileReference; lastKnownFileType = sourcecode.c.objc; path = ViewController.m; sourceTree = "<group>"; };
		A4E0124127968B3C006DE021 /* Base */ = {isa = PBXFileReference; lastKnownFileType = file.storyboard; name = Base; path = Base.lproj/Main.storyboard; sourceTree = "<group>"; };
		A4E0124327968B3D006DE021 /* Assets.xcassets */ = {isa = PBXFileReference; lastKnownFileType = folder.assetcatalog; path = Assets.xcassets; sourceTree = "<group>"; };
		A4E0124627968B3D006DE021 /* Base */ = {isa = PBXFileReference; lastKnownFileType = file.storyboard; name = Base; path = Base.lproj/LaunchScreen.storyboard; sourceTree = "<group>"; };
		A4E0124827968B3D006DE021 /* Info.plist */ = {isa = PBXFileReference; lastKnownFileType = text.plist.xml; path = Info.plist; sourceTree = "<group>"; };
		A4E0124927968B3D006DE021 /* main.m */ = {isa = PBXFileReference; lastKnownFileType = sourcecode.c.objc; path = main.m; sourceTree = "<group>"; };
		A4E0124F27968B3D006DE021 /* WBVideoCommentDemoTests.xctest */ = {isa = PBXFileReference; explicitFileType = wrapper.cfbundle; includeInIndex = 0; path = WBVideoCommentDemoTests.xctest; sourceTree = BUILT_PRODUCTS_DIR; };
		A4E0125327968B3D006DE021 /* WBVideoCommentDemoTests.m */ = {isa = PBXFileReference; lastKnownFileType = sourcecode.c.objc; path = WBVideoCommentDemoTests.m; sourceTree = "<group>"; };
		A4E0125927968B3D006DE021 /* WBVideoCommentDemoUITests.xctest */ = {isa = PBXFileReference; explicitFileType = wrapper.cfbundle; includeInIndex = 0; path = WBVideoCommentDemoUITests.xctest; sourceTree = BUILT_PRODUCTS_DIR; };
		A4E0125D27968B3D006DE021 /* WBVideoCommentDemoUITests.m */ = {isa = PBXFileReference; lastKnownFileType = sourcecode.c.objc; path = WBVideoCommentDemoUITests.m; sourceTree = "<group>"; };
		A4E0125F27968B3D006DE021 /* WBVideoCommentDemoUITestsLaunchTests.m */ = {isa = PBXFileReference; lastKnownFileType = sourcecode.c.objc; path = WBVideoCommentDemoUITestsLaunchTests.m; sourceTree = "<group>"; };
		A4E0126D27968BC6006DE021 /* WBVideoCommentRender.h */ = {isa = PBXFileReference; lastKnownFileType = sourcecode.c.h; path = WBVideoCommentRender.h; sourceTree = "<group>"; };
		A4E0126E27968BC6006DE021 /* WBVideoCommentRender.m */ = {isa = PBXFileReference; lastKnownFileType = sourcecode.c.objc; path = WBVideoCommentRender.m; sourceTree = "<group>"; };
		A4E0127027968C34006DE021 /* WBVideoBaseCommentView.h */ = {isa = PBXFileReference; lastKnownFileType = sourcecode.c.h; path = WBVideoBaseCommentView.h; sourceTree = "<group>"; };
		A4E0127127968C34006DE021 /* WBVideoBaseCommentView.m */ = {isa = PBXFileReference; lastKnownFileType = sourcecode.c.objc; path = WBVideoBaseCommentView.m; sourceTree = "<group>"; };
		A4E0127327968D79006DE021 /* WBVideoCommentEngine.h */ = {isa = PBXFileReference; lastKnownFileType = sourcecode.c.h; path = WBVideoCommentEngine.h; sourceTree = "<group>"; };
		A4E0127427968D79006DE021 /* WBVideoCommentEngine.m */ = {isa = PBXFileReference; lastKnownFileType = sourcecode.c.objc; path = WBVideoCommentEngine.m; sourceTree = "<group>"; };
		A4E0127627968D8B006DE021 /* WBVideoBaseCommentObject.h */ = {isa = PBXFileReference; lastKnownFileType = sourcecode.c.h; path = WBVideoBaseCommentObject.h; sourceTree = "<group>"; };
		A4E0127727968D8B006DE021 /* WBVideoBaseCommentObject.m */ = {isa = PBXFileReference; lastKnownFileType = sourcecode.c.objc; path = WBVideoBaseCommentObject.m; sourceTree = "<group>"; };
		A4E0127D27969495006DE021 /* WBSVWeakProxy.h */ = {isa = PBXFileReference; lastKnownFileType = sourcecode.c.h; path = WBSVWeakProxy.h; sourceTree = "<group>"; };
		A4E0127E27969495006DE021 /* WBSVWeakProxy.m */ = {isa = PBXFileReference; lastKnownFileType = sourcecode.c.objc; path = WBSVWeakProxy.m; sourceTree = "<group>"; };
		A4E012812796A984006DE021 /* WBVideoTestCommentView.h */ = {isa = PBXFileReference; lastKnownFileType = sourcecode.c.h; path = WBVideoTestCommentView.h; sourceTree = "<group>"; };
		A4E012822796A984006DE021 /* WBVideoTestCommentView.m */ = {isa = PBXFileReference; lastKnownFileType = sourcecode.c.objc; path = WBVideoTestCommentView.m; sourceTree = "<group>"; };
		A4E012842796CDF0006DE021 /* DemoCustomCommentListVC.h */ = {isa = PBXFileReference; lastKnownFileType = sourcecode.c.h; path = DemoCustomCommentListVC.h; sourceTree = "<group>"; };
		A4E012852796CDF0006DE021 /* DemoCustomCommentListVC.m */ = {isa = PBXFileReference; lastKnownFileType = sourcecode.c.objc; path = DemoCustomCommentListVC.m; sourceTree = "<group>"; };
		A4EC556727990963003EF5A7 /* WBVideoTestData.h */ = {isa = PBXFileReference; lastKnownFileType = sourcecode.c.h; path = WBVideoTestData.h; sourceTree = "<group>"; };
		A4EC556827990963003EF5A7 /* WBVideoTestData.m */ = {isa = PBXFileReference; lastKnownFileType = sourcecode.c.objc; path = WBVideoTestData.m; sourceTree = "<group>"; };
		A4EC556A27994103003EF5A7 /* WBVideoTableCommentOjbect+Private.h */ = {isa = PBXFileReference; lastKnownFileType = sourcecode.c.h; path = "WBVideoTableCommentOjbect+Private.h"; sourceTree = "<group>"; };
/* End PBXFileReference section */

/* Begin PBXFrameworksBuildPhase section */
		A4E0123127968B3C006DE021 /* Frameworks */ = {
			isa = PBXFrameworksBuildPhase;
			buildActionMask = 2147483647;
			files = (
			);
			runOnlyForDeploymentPostprocessing = 0;
		};
		A4E0124C27968B3D006DE021 /* Frameworks */ = {
			isa = PBXFrameworksBuildPhase;
			buildActionMask = 2147483647;
			files = (
			);
			runOnlyForDeploymentPostprocessing = 0;
		};
		A4E0125627968B3D006DE021 /* Frameworks */ = {
			isa = PBXFrameworksBuildPhase;
			buildActionMask = 2147483647;
			files = (
			);
			runOnlyForDeploymentPostprocessing = 0;
		};
/* End PBXFrameworksBuildPhase section */

/* Begin PBXGroup section */
		A416B14427A2B067008B0555 /* Tools */ = {
			isa = PBXGroup;
			children = (
				A4E0127D27969495006DE021 /* WBSVWeakProxy.h */,
				A4E0127E27969495006DE021 /* WBSVWeakProxy.m */,
			);
			path = Tools;
			sourceTree = "<group>";
		};
		A416FFDB27A142FA003CDD19 /* WBVideoCommentRender */ = {
			isa = PBXGroup;
			children = (
				A416FFDC27A1432D003CDD19 /* WBVideoCommentRenderProtocol.h */,
				A49FBFFB2797B19B0034E7FE /* WBVideoTableComment */,
				A4E0126C27968BA2006DE021 /* WBVideoComment */,
			);
			path = WBVideoCommentRender;
			sourceTree = "<group>";
		};
		A49FBFFB2797B19B0034E7FE /* WBVideoTableComment */ = {
			isa = PBXGroup;
			children = (
				A49FBFFC2797B1CA0034E7FE /* WBVideoTableCommentRender.h */,
				A49FBFFD2797B1CA0034E7FE /* WBVideoTableCommentRender.m */,
				A49FBFFF2797B46A0034E7FE /* WBVideoTableCommentEngine.h */,
				A49FC0002797B46A0034E7FE /* WBVideoTableCommentEngine.m */,
				A49FC0022797B48D0034E7FE /* WBVideoTableCommentCell.h */,
				A49FC0032797B48D0034E7FE /* WBVideoTableCommentCell.m */,
				A49FC0052797B4A40034E7FE /* WBVideoTableCommentOjbect.h */,
				A49FC0062797B4A40034E7FE /* WBVideoTableCommentOjbect.m */,
				A4EC556A27994103003EF5A7 /* WBVideoTableCommentOjbect+Private.h */,
			);
			path = WBVideoTableComment;
			sourceTree = "<group>";
		};
		A4E0122B27968B3C006DE021 = {
			isa = PBXGroup;
			children = (
				A4E0123627968B3C006DE021 /* WBVideoCommentDemo */,
				A4E0125227968B3D006DE021 /* WBVideoCommentDemoTests */,
				A4E0125C27968B3D006DE021 /* WBVideoCommentDemoUITests */,
				A4E0123527968B3C006DE021 /* Products */,
			);
			sourceTree = "<group>";
		};
		A4E0123527968B3C006DE021 /* Products */ = {
			isa = PBXGroup;
			children = (
				A4E0123427968B3C006DE021 /* WBVideoCommentDemo.app */,
				A4E0124F27968B3D006DE021 /* WBVideoCommentDemoTests.xctest */,
				A4E0125927968B3D006DE021 /* WBVideoCommentDemoUITests.xctest */,
			);
			name = Products;
			sourceTree = "<group>";
		};
		A4E0123627968B3C006DE021 /* WBVideoCommentDemo */ = {
			isa = PBXGroup;
			children = (
				A416FFDB27A142FA003CDD19 /* WBVideoCommentRender */,
				A4E0123727968B3C006DE021 /* AppDelegate.h */,
				A4E0123827968B3C006DE021 /* AppDelegate.m */,
				A4E0123A27968B3C006DE021 /* SceneDelegate.h */,
				A4E0123B27968B3C006DE021 /* SceneDelegate.m */,
				A4E0123D27968B3C006DE021 /* ViewController.h */,
				A4E0123E27968B3C006DE021 /* ViewController.m */,
				A49FBFF72797AEAB0034E7FE /* VideoCommentListHeader.h */,
				A4E012842796CDF0006DE021 /* DemoCustomCommentListVC.h */,
				A4E012852796CDF0006DE021 /* DemoCustomCommentListVC.m */,
				A49FBFF82797B0EA0034E7FE /* DemoTableCommentListVC.h */,
				A49FBFF92797B0EA0034E7FE /* DemoTableCommentListVC.m */,
				A416B14427A2B067008B0555 /* Tools */,
				A4E012802796A8F8006DE021 /* TestData */,
				A4E0124027968B3C006DE021 /* Main.storyboard */,
				A4E0124327968B3D006DE021 /* Assets.xcassets */,
				A4E0124527968B3D006DE021 /* LaunchScreen.storyboard */,
				A4E0124827968B3D006DE021 /* Info.plist */,
				A4E0124927968B3D006DE021 /* main.m */,
			);
			path = WBVideoCommentDemo;
			sourceTree = "<group>";
		};
		A4E0125227968B3D006DE021 /* WBVideoCommentDemoTests */ = {
			isa = PBXGroup;
			children = (
				A4E0125327968B3D006DE021 /* WBVideoCommentDemoTests.m */,
			);
			path = WBVideoCommentDemoTests;
			sourceTree = "<group>";
		};
		A4E0125C27968B3D006DE021 /* WBVideoCommentDemoUITests */ = {
			isa = PBXGroup;
			children = (
				A4E0125D27968B3D006DE021 /* WBVideoCommentDemoUITests.m */,
				A4E0125F27968B3D006DE021 /* WBVideoCommentDemoUITestsLaunchTests.m */,
			);
			path = WBVideoCommentDemoUITests;
			sourceTree = "<group>";
		};
		A4E0126C27968BA2006DE021 /* WBVideoComment */ = {
			isa = PBXGroup;
			children = (
				A4E0126D27968BC6006DE021 /* WBVideoCommentRender.h */,
				A4E0126E27968BC6006DE021 /* WBVideoCommentRender.m */,
				A4E0127327968D79006DE021 /* WBVideoCommentEngine.h */,
				A4E0127427968D79006DE021 /* WBVideoCommentEngine.m */,
				A4E0127027968C34006DE021 /* WBVideoBaseCommentView.h */,
				A4E0127127968C34006DE021 /* WBVideoBaseCommentView.m */,
				A4E0127627968D8B006DE021 /* WBVideoBaseCommentObject.h */,
				A4E0127727968D8B006DE021 /* WBVideoBaseCommentObject.m */,
				A416FFD827A12572003CDD19 /* WBVideoBaseCommentObject+Private.h */,
			);
			path = WBVideoComment;
			sourceTree = "<group>";
		};
		A4E012802796A8F8006DE021 /* TestData */ = {
			isa = PBXGroup;
			children = (
				A4E012812796A984006DE021 /* WBVideoTestCommentView.h */,
				A4E012822796A984006DE021 /* WBVideoTestCommentView.m */,
				A49FC0092797F3A00034E7FE /* WBVideoTestCommentCell.h */,
				A49FC00A2797F3A00034E7FE /* WBVideoTestCommentCell.m */,
				A4EC556727990963003EF5A7 /* WBVideoTestData.h */,
				A4EC556827990963003EF5A7 /* WBVideoTestData.m */,
			);
			path = TestData;
			sourceTree = "<group>";
		};
/* End PBXGroup section */

/* Begin PBXNativeTarget section */
		A4E0123327968B3C006DE021 /* WBVideoCommentDemo */ = {
			isa = PBXNativeTarget;
			buildConfigurationList = A4E0126327968B3D006DE021 /* Build configuration list for PBXNativeTarget "WBVideoCommentDemo" */;
			buildPhases = (
				A4E0123027968B3C006DE021 /* Sources */,
				A4E0123127968B3C006DE021 /* Frameworks */,
				A4E0123227968B3C006DE021 /* Resources */,
			);
			buildRules = (
			);
			dependencies = (
			);
			name = WBVideoCommentDemo;
			productName = WBVideoCommentDemo;
			productReference = A4E0123427968B3C006DE021 /* WBVideoCommentDemo.app */;
			productType = "com.apple.product-type.application";
		};
		A4E0124E27968B3D006DE021 /* WBVideoCommentDemoTests */ = {
			isa = PBXNativeTarget;
			buildConfigurationList = A4E0126627968B3D006DE021 /* Build configuration list for PBXNativeTarget "WBVideoCommentDemoTests" */;
			buildPhases = (
				A4E0124B27968B3D006DE021 /* Sources */,
				A4E0124C27968B3D006DE021 /* Frameworks */,
				A4E0124D27968B3D006DE021 /* Resources */,
			);
			buildRules = (
			);
			dependencies = (
				A4E0125127968B3D006DE021 /* PBXTargetDependency */,
			);
			name = WBVideoCommentDemoTests;
			productName = WBVideoCommentDemoTests;
			productReference = A4E0124F27968B3D006DE021 /* WBVideoCommentDemoTests.xctest */;
			productType = "com.apple.product-type.bundle.unit-test";
		};
		A4E0125827968B3D006DE021 /* WBVideoCommentDemoUITests */ = {
			isa = PBXNativeTarget;
			buildConfigurationList = A4E0126927968B3D006DE021 /* Build configuration list for PBXNativeTarget "WBVideoCommentDemoUITests" */;
			buildPhases = (
				A4E0125527968B3D006DE021 /* Sources */,
				A4E0125627968B3D006DE021 /* Frameworks */,
				A4E0125727968B3D006DE021 /* Resources */,
			);
			buildRules = (
			);
			dependencies = (
				A4E0125B27968B3D006DE021 /* PBXTargetDependency */,
			);
			name = WBVideoCommentDemoUITests;
			productName = WBVideoCommentDemoUITests;
			productReference = A4E0125927968B3D006DE021 /* WBVideoCommentDemoUITests.xctest */;
			productType = "com.apple.product-type.bundle.ui-testing";
		};
/* End PBXNativeTarget section */

/* Begin PBXProject section */
		A4E0122C27968B3C006DE021 /* Project object */ = {
			isa = PBXProject;
			attributes = {
				BuildIndependentTargetsInParallel = 1;
				LastUpgradeCheck = 1310;
				TargetAttributes = {
					A4E0123327968B3C006DE021 = {
						CreatedOnToolsVersion = 13.1;
					};
					A4E0124E27968B3D006DE021 = {
						CreatedOnToolsVersion = 13.1;
						TestTargetID = A4E0123327968B3C006DE021;
					};
					A4E0125827968B3D006DE021 = {
						CreatedOnToolsVersion = 13.1;
						TestTargetID = A4E0123327968B3C006DE021;
					};
				};
			};
			buildConfigurationList = A4E0122F27968B3C006DE021 /* Build configuration list for PBXProject "WBVideoCommentDemo" */;
			compatibilityVersion = "Xcode 13.0";
			developmentRegion = en;
			hasScannedForEncodings = 0;
			knownRegions = (
				en,
				Base,
			);
			mainGroup = A4E0122B27968B3C006DE021;
			productRefGroup = A4E0123527968B3C006DE021 /* Products */;
			projectDirPath = "";
			projectRoot = "";
			targets = (
				A4E0123327968B3C006DE021 /* WBVideoCommentDemo */,
				A4E0124E27968B3D006DE021 /* WBVideoCommentDemoTests */,
				A4E0125827968B3D006DE021 /* WBVideoCommentDemoUITests */,
			);
		};
/* End PBXProject section */

/* Begin PBXResourcesBuildPhase section */
		A4E0123227968B3C006DE021 /* Resources */ = {
			isa = PBXResourcesBuildPhase;
			buildActionMask = 2147483647;
			files = (
				A4E0124727968B3D006DE021 /* LaunchScreen.storyboard in Resources */,
				A4E0124427968B3D006DE021 /* Assets.xcassets in Resources */,
				A4E0124227968B3C006DE021 /* Main.storyboard in Resources */,
			);
			runOnlyForDeploymentPostprocessing = 0;
		};
		A4E0124D27968B3D006DE021 /* Resources */ = {
			isa = PBXResourcesBuildPhase;
			buildActionMask = 2147483647;
			files = (
			);
			runOnlyForDeploymentPostprocessing = 0;
		};
		A4E0125727968B3D006DE021 /* Resources */ = {
			isa = PBXResourcesBuildPhase;
			buildActionMask = 2147483647;
			files = (
			);
			runOnlyForDeploymentPostprocessing = 0;
		};
/* End PBXResourcesBuildPhase section */

/* Begin PBXSourcesBuildPhase section */
		A4E0123027968B3C006DE021 /* Sources */ = {
			isa = PBXSourcesBuildPhase;
			buildActionMask = 2147483647;
			files = (
				A4E012862796CDF0006DE021 /* DemoCustomCommentListVC.m in Sources */,
				A49FC0072797B4A40034E7FE /* WBVideoTableCommentOjbect.m in Sources */,
				A49FC0042797B48D0034E7FE /* WBVideoTableCommentCell.m in Sources */,
				A4E0127227968C34006DE021 /* WBVideoBaseCommentView.m in Sources */,
				A4E0126F27968BC6006DE021 /* WBVideoCommentRender.m in Sources */,
				A49FC00B2797F3A00034E7FE /* WBVideoTestCommentCell.m in Sources */,
				A4E0123F27968B3C006DE021 /* ViewController.m in Sources */,
				A49FBFFA2797B0EA0034E7FE /* DemoTableCommentListVC.m in Sources */,
				A4E012832796A984006DE021 /* WBVideoTestCommentView.m in Sources */,
				A4E0127827968D8B006DE021 /* WBVideoBaseCommentObject.m in Sources */,
				A4EC556927990963003EF5A7 /* WBVideoTestData.m in Sources */,
				A49FC0012797B46A0034E7FE /* WBVideoTableCommentEngine.m in Sources */,
				A4E0127F27969495006DE021 /* WBSVWeakProxy.m in Sources */,
				A4E0123927968B3C006DE021 /* AppDelegate.m in Sources */,
				A4E0127527968D79006DE021 /* WBVideoCommentEngine.m in Sources */,
				A4E0124A27968B3D006DE021 /* main.m in Sources */,
				A4E0123C27968B3C006DE021 /* SceneDelegate.m in Sources */,
				A49FBFFE2797B1CA0034E7FE /* WBVideoTableCommentRender.m in Sources */,
			);
			runOnlyForDeploymentPostprocessing = 0;
		};
		A4E0124B27968B3D006DE021 /* Sources */ = {
			isa = PBXSourcesBuildPhase;
			buildActionMask = 2147483647;
			files = (
				A4E0125427968B3D006DE021 /* WBVideoCommentDemoTests.m in Sources */,
			);
			runOnlyForDeploymentPostprocessing = 0;
		};
		A4E0125527968B3D006DE021 /* Sources */ = {
			isa = PBXSourcesBuildPhase;
			buildActionMask = 2147483647;
			files = (
				A4E0126027968B3D006DE021 /* WBVideoCommentDemoUITestsLaunchTests.m in Sources */,
				A4E0125E27968B3D006DE021 /* WBVideoCommentDemoUITests.m in Sources */,
			);
			runOnlyForDeploymentPostprocessing = 0;
		};
/* End PBXSourcesBuildPhase section */

/* Begin PBXTargetDependency section */
		A4E0125127968B3D006DE021 /* PBXTargetDependency */ = {
			isa = PBXTargetDependency;
			target = A4E0123327968B3C006DE021 /* WBVideoCommentDemo */;
			targetProxy = A4E0125027968B3D006DE021 /* PBXContainerItemProxy */;
		};
		A4E0125B27968B3D006DE021 /* PBXTargetDependency */ = {
			isa = PBXTargetDependency;
			target = A4E0123327968B3C006DE021 /* WBVideoCommentDemo */;
			targetProxy = A4E0125A27968B3D006DE021 /* PBXContainerItemProxy */;
		};
/* End PBXTargetDependency section */

/* Begin PBXVariantGroup section */
		A4E0124027968B3C006DE021 /* Main.storyboard */ = {
			isa = PBXVariantGroup;
			children = (
				A4E0124127968B3C006DE021 /* Base */,
			);
			name = Main.storyboard;
			sourceTree = "<group>";
		};
		A4E0124527968B3D006DE021 /* LaunchScreen.storyboard */ = {
			isa = PBXVariantGroup;
			children = (
				A4E0124627968B3D006DE021 /* Base */,
			);
			name = LaunchScreen.storyboard;
			sourceTree = "<group>";
		};
/* End PBXVariantGroup section */

/* Begin XCBuildConfiguration section */
		A4E0126127968B3D006DE021 /* Debug */ = {
			isa = XCBuildConfiguration;
			buildSettings = {
				ALWAYS_SEARCH_USER_PATHS = NO;
				CLANG_ANALYZER_NONNULL = YES;
				CLANG_ANALYZER_NUMBER_OBJECT_CONVERSION = YES_AGGRESSIVE;
				CLANG_CXX_LANGUAGE_STANDARD = "gnu++17";
				CLANG_CXX_LIBRARY = "libc++";
				CLANG_ENABLE_MODULES = YES;
				CLANG_ENABLE_OBJC_ARC = YES;
				CLANG_ENABLE_OBJC_WEAK = YES;
				CLANG_WARN_BLOCK_CAPTURE_AUTORELEASING = YES;
				CLANG_WARN_BOOL_CONVERSION = YES;
				CLANG_WARN_COMMA = YES;
				CLANG_WARN_CONSTANT_CONVERSION = YES;
				CLANG_WARN_DEPRECATED_OBJC_IMPLEMENTATIONS = YES;
				CLANG_WARN_DIRECT_OBJC_ISA_USAGE = YES_ERROR;
				CLANG_WARN_DOCUMENTATION_COMMENTS = YES;
				CLANG_WARN_EMPTY_BODY = YES;
				CLANG_WARN_ENUM_CONVERSION = YES;
				CLANG_WARN_INFINITE_RECURSION = YES;
				CLANG_WARN_INT_CONVERSION = YES;
				CLANG_WARN_NON_LITERAL_NULL_CONVERSION = YES;
				CLANG_WARN_OBJC_IMPLICIT_RETAIN_SELF = YES;
				CLANG_WARN_OBJC_LITERAL_CONVERSION = YES;
				CLANG_WARN_OBJC_ROOT_CLASS = YES_ERROR;
				CLANG_WARN_QUOTED_INCLUDE_IN_FRAMEWORK_HEADER = YES;
				CLANG_WARN_RANGE_LOOP_ANALYSIS = YES;
				CLANG_WARN_STRICT_PROTOTYPES = YES;
				CLANG_WARN_SUSPICIOUS_MOVE = YES;
				CLANG_WARN_UNGUARDED_AVAILABILITY = YES_AGGRESSIVE;
				CLANG_WARN_UNREACHABLE_CODE = YES;
				CLANG_WARN__DUPLICATE_METHOD_MATCH = YES;
				COPY_PHASE_STRIP = NO;
				DEBUG_INFORMATION_FORMAT = dwarf;
				ENABLE_STRICT_OBJC_MSGSEND = YES;
				ENABLE_TESTABILITY = YES;
				GCC_C_LANGUAGE_STANDARD = gnu11;
				GCC_DYNAMIC_NO_PIC = NO;
				GCC_NO_COMMON_BLOCKS = YES;
				GCC_OPTIMIZATION_LEVEL = 0;
				GCC_PREPROCESSOR_DEFINITIONS = (
					"DEBUG=1",
					"$(inherited)",
				);
				GCC_WARN_64_TO_32_BIT_CONVERSION = YES;
				GCC_WARN_ABOUT_RETURN_TYPE = YES_ERROR;
				GCC_WARN_UNDECLARED_SELECTOR = YES;
				GCC_WARN_UNINITIALIZED_AUTOS = YES_AGGRESSIVE;
				GCC_WARN_UNUSED_FUNCTION = YES;
				GCC_WARN_UNUSED_VARIABLE = YES;
				IPHONEOS_DEPLOYMENT_TARGET = 15.0;
				MTL_ENABLE_DEBUG_INFO = INCLUDE_SOURCE;
				MTL_FAST_MATH = YES;
				ONLY_ACTIVE_ARCH = YES;
				SDKROOT = iphoneos;
			};
			name = Debug;
		};
		A4E0126227968B3D006DE021 /* Release */ = {
			isa = XCBuildConfiguration;
			buildSettings = {
				ALWAYS_SEARCH_USER_PATHS = NO;
				CLANG_ANALYZER_NONNULL = YES;
				CLANG_ANALYZER_NUMBER_OBJECT_CONVERSION = YES_AGGRESSIVE;
				CLANG_CXX_LANGUAGE_STANDARD = "gnu++17";
				CLANG_CXX_LIBRARY = "libc++";
				CLANG_ENABLE_MODULES = YES;
				CLANG_ENABLE_OBJC_ARC = YES;
				CLANG_ENABLE_OBJC_WEAK = YES;
				CLANG_WARN_BLOCK_CAPTURE_AUTORELEASING = YES;
				CLANG_WARN_BOOL_CONVERSION = YES;
				CLANG_WARN_COMMA = YES;
				CLANG_WARN_CONSTANT_CONVERSION = YES;
				CLANG_WARN_DEPRECATED_OBJC_IMPLEMENTATIONS = YES;
				CLANG_WARN_DIRECT_OBJC_ISA_USAGE = YES_ERROR;
				CLANG_WARN_DOCUMENTATION_COMMENTS = YES;
				CLANG_WARN_EMPTY_BODY = YES;
				CLANG_WARN_ENUM_CONVERSION = YES;
				CLANG_WARN_INFINITE_RECURSION = YES;
				CLANG_WARN_INT_CONVERSION = YES;
				CLANG_WARN_NON_LITERAL_NULL_CONVERSION = YES;
				CLANG_WARN_OBJC_IMPLICIT_RETAIN_SELF = YES;
				CLANG_WARN_OBJC_LITERAL_CONVERSION = YES;
				CLANG_WARN_OBJC_ROOT_CLASS = YES_ERROR;
				CLANG_WARN_QUOTED_INCLUDE_IN_FRAMEWORK_HEADER = YES;
				CLANG_WARN_RANGE_LOOP_ANALYSIS = YES;
				CLANG_WARN_STRICT_PROTOTYPES = YES;
				CLANG_WARN_SUSPICIOUS_MOVE = YES;
				CLANG_WARN_UNGUARDED_AVAILABILITY = YES_AGGRESSIVE;
				CLANG_WARN_UNREACHABLE_CODE = YES;
				CLANG_WARN__DUPLICATE_METHOD_MATCH = YES;
				COPY_PHASE_STRIP = NO;
				DEBUG_INFORMATION_FORMAT = "dwarf-with-dsym";
				ENABLE_NS_ASSERTIONS = NO;
				ENABLE_STRICT_OBJC_MSGSEND = YES;
				GCC_C_LANGUAGE_STANDARD = gnu11;
				GCC_NO_COMMON_BLOCKS = YES;
				GCC_WARN_64_TO_32_BIT_CONVERSION = YES;
				GCC_WARN_ABOUT_RETURN_TYPE = YES_ERROR;
				GCC_WARN_UNDECLARED_SELECTOR = YES;
				GCC_WARN_UNINITIALIZED_AUTOS = YES_AGGRESSIVE;
				GCC_WARN_UNUSED_FUNCTION = YES;
				GCC_WARN_UNUSED_VARIABLE = YES;
				IPHONEOS_DEPLOYMENT_TARGET = 15.0;
				MTL_ENABLE_DEBUG_INFO = NO;
				MTL_FAST_MATH = YES;
				SDKROOT = iphoneos;
				VALIDATE_PRODUCT = YES;
			};
			name = Release;
		};
		A4E0126427968B3D006DE021 /* Debug */ = {
			isa = XCBuildConfiguration;
			buildSettings = {
				ASSETCATALOG_COMPILER_APPICON_NAME = AppIcon;
				ASSETCATALOG_COMPILER_GLOBAL_ACCENT_COLOR_NAME = AccentColor;
				CODE_SIGN_STYLE = Automatic;
				CURRENT_PROJECT_VERSION = 1;
				DEVELOPMENT_TEAM = 2T9CHG78WE;
				GENERATE_INFOPLIST_FILE = YES;
				INFOPLIST_FILE = WBVideoCommentDemo/Info.plist;
				INFOPLIST_KEY_UIApplicationSupportsIndirectInputEvents = YES;
				INFOPLIST_KEY_UILaunchStoryboardName = LaunchScreen;
				INFOPLIST_KEY_UIMainStoryboardFile = Main;
				INFOPLIST_KEY_UISupportedInterfaceOrientations_iPad = "UIInterfaceOrientationPortrait UIInterfaceOrientationPortraitUpsideDown UIInterfaceOrientationLandscapeLeft UIInterfaceOrientationLandscapeRight";
				INFOPLIST_KEY_UISupportedInterfaceOrientations_iPhone = "UIInterfaceOrientationPortrait UIInterfaceOrientationLandscapeLeft UIInterfaceOrientationLandscapeRight";
				LD_RUNPATH_SEARCH_PATHS = (
					"$(inherited)",
					"@executable_path/Frameworks",
				);
				MARKETING_VERSION = 1.0;
				PRODUCT_BUNDLE_IDENTIFIER = wb.WBVideoCommentDemo;
				PRODUCT_NAME = "$(TARGET_NAME)";
				SWIFT_EMIT_LOC_STRINGS = YES;
				TARGETED_DEVICE_FAMILY = "1,2";
			};
			name = Debug;
		};
		A4E0126527968B3D006DE021 /* Release */ = {
			isa = XCBuildConfiguration;
			buildSettings = {
				ASSETCATALOG_COMPILER_APPICON_NAME = AppIcon;
				ASSETCATALOG_COMPILER_GLOBAL_ACCENT_COLOR_NAME = AccentColor;
				CODE_SIGN_STYLE = Automatic;
				CURRENT_PROJECT_VERSION = 1;
				DEVELOPMENT_TEAM = 2T9CHG78WE;
				GENERATE_INFOPLIST_FILE = YES;
				INFOPLIST_FILE = WBVideoCommentDemo/Info.plist;
				INFOPLIST_KEY_UIApplicationSupportsIndirectInputEvents = YES;
				INFOPLIST_KEY_UILaunchStoryboardName = LaunchScreen;
				INFOPLIST_KEY_UIMainStoryboardFile = Main;
				INFOPLIST_KEY_UISupportedInterfaceOrientations_iPad = "UIInterfaceOrientationPortrait UIInterfaceOrientationPortraitUpsideDown UIInterfaceOrientationLandscapeLeft UIInterfaceOrientationLandscapeRight";
				INFOPLIST_KEY_UISupportedInterfaceOrientations_iPhone = "UIInterfaceOrientationPortrait UIInterfaceOrientationLandscapeLeft UIInterfaceOrientationLandscapeRight";
				LD_RUNPATH_SEARCH_PATHS = (
					"$(inherited)",
					"@executable_path/Frameworks",
				);
				MARKETING_VERSION = 1.0;
				PRODUCT_BUNDLE_IDENTIFIER = wb.WBVideoCommentDemo;
				PRODUCT_NAME = "$(TARGET_NAME)";
				SWIFT_EMIT_LOC_STRINGS = YES;
				TARGETED_DEVICE_FAMILY = "1,2";
			};
			name = Release;
		};
		A4E0126727968B3D006DE021 /* Debug */ = {
			isa = XCBuildConfiguration;
			buildSettings = {
				BUNDLE_LOADER = "$(TEST_HOST)";
				CODE_SIGN_STYLE = Automatic;
				CURRENT_PROJECT_VERSION = 1;
				DEVELOPMENT_TEAM = 2T9CHG78WE;
				GENERATE_INFOPLIST_FILE = YES;
				IPHONEOS_DEPLOYMENT_TARGET = 15.0;
				LD_RUNPATH_SEARCH_PATHS = (
					"$(inherited)",
					"@executable_path/Frameworks",
					"@loader_path/Frameworks",
				);
				MARKETING_VERSION = 1.0;
				PRODUCT_BUNDLE_IDENTIFIER = wb.WBVideoCommentDemoTests;
				PRODUCT_NAME = "$(TARGET_NAME)";
				SWIFT_EMIT_LOC_STRINGS = NO;
				TARGETED_DEVICE_FAMILY = "1,2";
				TEST_HOST = "$(BUILT_PRODUCTS_DIR)/WBVideoCommentDemo.app/WBVideoCommentDemo";
			};
			name = Debug;
		};
		A4E0126827968B3D006DE021 /* Release */ = {
			isa = XCBuildConfiguration;
			buildSettings = {
				BUNDLE_LOADER = "$(TEST_HOST)";
				CODE_SIGN_STYLE = Automatic;
				CURRENT_PROJECT_VERSION = 1;
				DEVELOPMENT_TEAM = 2T9CHG78WE;
				GENERATE_INFOPLIST_FILE = YES;
				IPHONEOS_DEPLOYMENT_TARGET = 15.0;
				LD_RUNPATH_SEARCH_PATHS = (
					"$(inherited)",
					"@executable_path/Frameworks",
					"@loader_path/Frameworks",
				);
				MARKETING_VERSION = 1.0;
				PRODUCT_BUNDLE_IDENTIFIER = wb.WBVideoCommentDemoTests;
				PRODUCT_NAME = "$(TARGET_NAME)";
				SWIFT_EMIT_LOC_STRINGS = NO;
				TARGETED_DEVICE_FAMILY = "1,2";
				TEST_HOST = "$(BUILT_PRODUCTS_DIR)/WBVideoCommentDemo.app/WBVideoCommentDemo";
			};
			name = Release;
		};
		A4E0126A27968B3D006DE021 /* Debug */ = {
			isa = XCBuildConfiguration;
			buildSettings = {
				CODE_SIGN_STYLE = Automatic;
				CURRENT_PROJECT_VERSION = 1;
				DEVELOPMENT_TEAM = 2T9CHG78WE;
				GENERATE_INFOPLIST_FILE = YES;
				LD_RUNPATH_SEARCH_PATHS = (
					"$(inherited)",
					"@executable_path/Frameworks",
					"@loader_path/Frameworks",
				);
				MARKETING_VERSION = 1.0;
				PRODUCT_BUNDLE_IDENTIFIER = wb.WBVideoCommentDemoUITests;
				PRODUCT_NAME = "$(TARGET_NAME)";
				SWIFT_EMIT_LOC_STRINGS = NO;
				TARGETED_DEVICE_FAMILY = "1,2";
				TEST_TARGET_NAME = WBVideoCommentDemo;
			};
			name = Debug;
		};
		A4E0126B27968B3D006DE021 /* Release */ = {
			isa = XCBuildConfiguration;
			buildSettings = {
				CODE_SIGN_STYLE = Automatic;
				CURRENT_PROJECT_VERSION = 1;
				DEVELOPMENT_TEAM = 2T9CHG78WE;
				GENERATE_INFOPLIST_FILE = YES;
				LD_RUNPATH_SEARCH_PATHS = (
					"$(inherited)",
					"@executable_path/Frameworks",
					"@loader_path/Frameworks",
				);
				MARKETING_VERSION = 1.0;
				PRODUCT_BUNDLE_IDENTIFIER = wb.WBVideoCommentDemoUITests;
				PRODUCT_NAME = "$(TARGET_NAME)";
				SWIFT_EMIT_LOC_STRINGS = NO;
				TARGETED_DEVICE_FAMILY = "1,2";
				TEST_TARGET_NAME = WBVideoCommentDemo;
			};
			name = Release;
		};
/* End XCBuildConfiguration section */

/* Begin XCConfigurationList section */
		A4E0122F27968B3C006DE021 /* Build configuration list for PBXProject "WBVideoCommentDemo" */ = {
			isa = XCConfigurationList;
			buildConfigurations = (
				A4E0126127968B3D006DE021 /* Debug */,
				A4E0126227968B3D006DE021 /* Release */,
			);
			defaultConfigurationIsVisible = 0;
			defaultConfigurationName = Release;
		};
		A4E0126327968B3D006DE021 /* Build configuration list for PBXNativeTarget "WBVideoCommentDemo" */ = {
			isa = XCConfigurationList;
			buildConfigurations = (
				A4E0126427968B3D006DE021 /* Debug */,
				A4E0126527968B3D006DE021 /* Release */,
			);
			defaultConfigurationIsVisible = 0;
			defaultConfigurationName = Release;
		};
		A4E0126627968B3D006DE021 /* Build configuration list for PBXNativeTarget "WBVideoCommentDemoTests" */ = {
			isa = XCConfigurationList;
			buildConfigurations = (
				A4E0126727968B3D006DE021 /* Debug */,
				A4E0126827968B3D006DE021 /* Release */,
			);
			defaultConfigurationIsVisible = 0;
			defaultConfigurationName = Release;
		};
		A4E0126927968B3D006DE021 /* Build configuration list for PBXNativeTarget "WBVideoCommentDemoUITests" */ = {
			isa = XCConfigurationList;
			buildConfigurations = (
				A4E0126A27968B3D006DE021 /* Debug */,
				A4E0126B27968B3D006DE021 /* Release */,
			);
			defaultConfigurationIsVisible = 0;
			defaultConfigurationName = Release;
		};
/* End XCConfigurationList section */
	};
	rootObject = A4E0122C27968B3C006DE021 /* Project object */;
}
